
Microsoft Visual Studio Solution File, Format Version 12.00
# Visual Studio Version 16
VisualStudioVersion = 16.0.32929.386
MinimumVisualStudioVersion = 10.0.40219.1
Project("{FAE04EC0-301F-11D3-BF4B-00C04F79EFBC}") = "TemaBiblioteca", "TemaBiblioteca\TemaBiblioteca.csproj", "{20C994B4-5D12-49BB-83E2-AC203D8FC1C0}"
EndProject
Global
	GlobalSection(SolutionConfigurationPlatforms) = preSolution
		Debug|Any CPU = Debug|Any CPU
		Release|Any CPU = Release|Any CPU
	EndGlobalSection
	GlobalSection(ProjectConfigurationPlatforms) = postSolution
		{20C994B4-5D12-49BB-83E2-AC203D8FC1C0}.Debug|Any CPU.ActiveCfg = Debug|Any CPU
		{20C994B4-5D12-49BB-83E2-AC203D8FC1C0}.Debug|Any CPU.Build.0 = Debug|Any CPU
		{20C994B4-5D12-49BB-83E2-AC203D8FC1C0}.Release|Any CPU.ActiveCfg = Release|Any CPU
		{20C994B4-5D12-49BB-83E2-AC203D8FC1C0}.Release|Any CPU.Build.0 = Release|Any CPU
	EndGlobalSection
	GlobalSection(SolutionProperties) = preSolution
		HideSolutionNode = FALSE
	EndGlobalSection
	GlobalSection(ExtensibilityGlobals) = postSolution
		SolutionGuid = {DC43EFAE-58D1-418E-893B-1B776B8A8493}
	EndGlobalSection
EndGlobal
